
Microsoft Visual Studio Solution File, Format Version 12.00
# Visual Studio Version 16
VisualStudioVersion = 16.0.30225.117
MinimumVisualStudioVersion = 10.0.40219.1
Project("{FAE04EC0-301F-11D3-BF4B-00C04F79EFBC}") = "CSharpLox", "CSharpLox.csproj", "{ECDD883E-F3FF-4A8A-B13F-33668BDE853A}"
EndProject
Project("{FAE04EC0-301F-11D3-BF4B-00C04F79EFBC}") = "CodeGenTool", "CodeGenTool\CodeGenTool.csproj", "{0D4C7747-E3B5-49E4-9C1D-80C68891324A}"
EndProject
Global
	GlobalSection(SolutionConfigurationPlatforms) = preSolution
		Debug|Any CPU = Debug|Any CPU
		Release|Any CPU = Release|Any CPU
	EndGlobalSection
	GlobalSection(ProjectConfigurationPlatforms) = postSolution
		{ECDD883E-F3FF-4A8A-B13F-33668BDE853A}.Debug|Any CPU.ActiveCfg = Debug|Any CPU
		{ECDD883E-F3FF-4A8A-B13F-33668BDE853A}.Debug|Any CPU.Build.0 = Debug|Any CPU
		{ECDD883E-F3FF-4A8A-B13F-33668BDE853A}.Release|Any CPU.ActiveCfg = Release|Any CPU
		{ECDD883E-F3FF-4A8A-B13F-33668BDE853A}.Release|Any CPU.Build.0 = Release|Any CPU
		{0D4C7747-E3B5-49E4-9C1D-80C68891324A}.Debug|Any CPU.ActiveCfg = Debug|Any CPU
		{0D4C7747-E3B5-49E4-9C1D-80C68891324A}.Debug|Any CPU.Build.0 = Debug|Any CPU
		{0D4C7747-E3B5-49E4-9C1D-80C68891324A}.Release|Any CPU.ActiveCfg = Release|Any CPU
		{0D4C7747-E3B5-49E4-9C1D-80C68891324A}.Release|Any CPU.Build.0 = Release|Any CPU
	EndGlobalSection
	GlobalSection(SolutionProperties) = preSolution
		HideSolutionNode = FALSE
	EndGlobalSection
	GlobalSection(ExtensibilityGlobals) = postSolution
		SolutionGuid = {19BE0941-0B9C-4EBF-B5DA-EFAE043D0FC2}
	EndGlobalSection
EndGlobal
